{
  "name": "ts-swc-transform",
  "version": "2.6.20",
  "lockfileVersion": 3,
  "requires": true,
  "packages": {
    "": {
      "name": "ts-swc-transform",
      "version": "2.6.20",
      "license": "MIT",
      "dependencies": {
        "@swc/core": "1.13.20",
        "core-js-pure": "*",
        "exit": "*",
        "fs-iterator": "*",
        "install-optional": "*",
        "is-absolute": "*",
        "lodash.debounce": "*",
        "lodash.find": "*",
        "mkdirp-classic": "*",
        "node-version-call": "*",
        "queue-cb": "*",
        "read-tsconfig-sync": "*",
        "resolve": "*",
        "rimraf2": "*",
        "starts-with": "^1.0.2",
        "test-match": "*",
        "ts-node": "*",
        "typescript": "*"
      },
      "devDependencies": {
        "@types/mocha": "*",
        "@types/node": "*",
        "core-js": "*",
        "cr": "*",
        "cross-spawn-cb": "*",
        "pinkie-promise": "*",
        "react": "*"
      },
      "engines": {
        "node": ">=0.8"
      }
    },
    "node_modules/@cspotcode/source-map-support": {
      "version": "0.8.1",
      "license": "MIT",
      "dependencies": {
        "@jridgewell/trace-mapping": "0.3.9"
      },
      "engines": {
        "node": ">=12"
      }
    },
    "node_modules/@jridgewell/resolve-uri": {
      "version": "3.1.2",
      "license": "MIT",
      "engines": {
        "node": ">=6.0.0"
      }
    },
    "node_modules/@jridgewell/sourcemap-codec": {
      "version": "1.5.5",
      "license": "MIT"
    },
    "node_modules/@jridgewell/trace-mapping": {
      "version": "0.3.9",
      "license": "MIT",
      "dependencies": {
        "@jridgewell/resolve-uri": "^3.0.3",
        "@jridgewell/sourcemap-codec": "^1.4.10"
      }
    },
    "node_modules/@swc/core": {
      "version": "1.13.20",
      "resolved": "https://registry.npmjs.org/@swc/core/-/core-1.13.20.tgz",
      "integrity": "sha512-w6REE95NkGhQH/baA0reb6IQjVzSy5HOz9bZnRTFgOv+a1ZDo4p6yVs4McpFOZJeu810DSHayO3mwBsBXxZcaw==",
      "hasInstallScript": true,
      "license": "Apache-2.0",
      "peer": true,
      "dependencies": {
        "@swc/counter": "^0.1.3",
        "@swc/types": "^0.1.25"
      },
      "engines": {
        "node": ">=10"
      },
      "funding": {
        "type": "opencollective",
        "url": "https://opencollective.com/swc"
      },
      "optionalDependencies": {
        "@swc/core-darwin-arm64": "1.13.20",
        "@swc/core-darwin-x64": "1.13.20",
        "@swc/core-linux-arm-gnueabihf": "1.13.20",
        "@swc/core-linux-arm64-gnu": "1.13.20",
        "@swc/core-linux-arm64-musl": "1.13.20",
        "@swc/core-linux-x64-gnu": "1.13.20",
        "@swc/core-linux-x64-musl": "1.13.20",
        "@swc/core-win32-arm64-msvc": "1.13.20",
        "@swc/core-win32-ia32-msvc": "1.13.20",
        "@swc/core-win32-x64-msvc": "1.13.20"
      },
      "peerDependencies": {
        "@swc/helpers": ">=0.5.17"
      },
      "peerDependenciesMeta": {
        "@swc/helpers": {
          "optional": true
        }
      }
    },
    "node_modules/@swc/core-darwin-arm64": {
      "version": "1.13.20",
      "resolved": "https://registry.npmjs.org/@swc/core-darwin-arm64/-/core-darwin-arm64-1.13.20.tgz",
      "integrity": "sha512-k/nqRwm6G3tw1BbCDxc3KmAMGsuDYA5Uh4MjYm23e+UziLyHz0z7W0zja3el+yGBIZXKlgSzWVFLsFDFzVqtgg==",
      "cpu": [
        "arm64"
      ],
      "license": "Apache-2.0 AND MIT",
      "optional": true,
      "os": [
        "darwin"
      ],
      "engines": {
        "node": ">=10"
      }
    },
    "node_modules/@swc/core-darwin-x64": {
      "version": "1.13.20",
      "resolved": "https://registry.npmjs.org/@swc/core-darwin-x64/-/core-darwin-x64-1.13.20.tgz",
      "integrity": "sha512-7xr+ACdUMNyrN87oEF1GvJIZJBAhGolfQVB0EYP08JEy8VSh//FEwfdlUz8gweaZyjOl1nuPS6ncXlKgZuZU8A==",
      "cpu": [
        "x64"
      ],
      "license": "Apache-2.0 AND MIT",
      "optional": true,
      "os": [
        "darwin"
      ],
      "engines": {
        "node": ">=10"
      }
    },
    "node_modules/@swc/core-linux-arm-gnueabihf": {
      "version": "1.13.20",
      "resolved": "https://registry.npmjs.org/@swc/core-linux-arm-gnueabihf/-/core-linux-arm-gnueabihf-1.13.20.tgz",
      "integrity": "sha512-IaOLxU1U/oGV3lZ2T8tD5nB/5O60UFPqj5ZxYzDpCBVB73tDQDIxiDcro1X81nHbwJHjuHmbIrhoflS7LQN6+A==",
      "cpu": [
        "arm"
      ],
      "license": "Apache-2.0",
      "optional": true,
      "os": [
        "linux"
      ],
      "engines": {
        "node": ">=10"
      }
    },
    "node_modules/@swc/core-linux-arm64-gnu": {
      "version": "1.13.20",
      "resolved": "https://registry.npmjs.org/@swc/core-linux-arm64-gnu/-/core-linux-arm64-gnu-1.13.20.tgz",
      "integrity": "sha512-Lg6FyotDydXGnNnlw+u7vCZzR2+fX3Q2HiULBTYl2dey3TvRyzAfEhdgMjUc4beRzf26U9rzMuTroJ6KMBCBjA==",
      "cpu": [
        "arm64"
      ],
      "license": "Apache-2.0 AND MIT",
      "optional": true,
      "os": [
        "linux"
      ],
      "engines": {
        "node": ">=10"
      }
    },
    "node_modules/@swc/core-linux-arm64-musl": {
      "version": "1.13.20",
      "resolved": "https://registry.npmjs.org/@swc/core-linux-arm64-musl/-/core-linux-arm64-musl-1.13.20.tgz",
      "integrity": "sha512-d1SvxmFykS0Ep8nPbduV1UwCvFjZ3ESzFKQdTbkr72bge8AseILBI9TbLTmoeWndDaTesiiTKRD5Y1iAvF1wvA==",
      "cpu": [
        "arm64"
      ],
      "license": "Apache-2.0 AND MIT",
      "optional": true,
      "os": [
        "linux"
      ],
      "engines": {
        "node": ">=10"
      }
    },
    "node_modules/@swc/core-linux-x64-gnu": {
      "version": "1.13.20",
      "resolved": "https://registry.npmjs.org/@swc/core-linux-x64-gnu/-/core-linux-x64-gnu-1.13.20.tgz",
      "integrity": "sha512-Bwmng57EuMod58Q8GDJA8rmUgFl20taK8w8MqeeDMiCnZY2+rJrNERbIX3sXZbwsf/kCIELZ7q4ZXiwdyB4zoQ==",
      "cpu": [
        "x64"
      ],
      "license": "Apache-2.0 AND MIT",
      "optional": true,
      "os": [
        "linux"
      ],
      "engines": {
        "node": ">=10"
      }
    },
    "node_modules/@swc/core-linux-x64-musl": {
      "version": "1.13.20",
      "resolved": "https://registry.npmjs.org/@swc/core-linux-x64-musl/-/core-linux-x64-musl-1.13.20.tgz",
      "integrity": "sha512-osCm3VEKL/OIKInyhy75S5B+R+QGBdpR1B5vwTYqG/1RB4vFM3O5SDtRZabd6NV9Cxc9dcLztWyZjhs2qp63SQ==",
      "cpu": [
        "x64"
      ],
      "license": "Apache-2.0 AND MIT",
      "optional": true,
      "os": [
        "linux"
      ],
      "engines": {
        "node": ">=10"
      }
    },
    "node_modules/@swc/core-win32-arm64-msvc": {
      "version": "1.13.20",
      "resolved": "https://registry.npmjs.org/@swc/core-win32-arm64-msvc/-/core-win32-arm64-msvc-1.13.20.tgz",
      "integrity": "sha512-svbQNirwEa6zwaAJPrEmQnMVZsOz8Jpr4nakFLkYIQwwJ73sBUkUJvH9ouIWmIu5bvgQrbQlRpxWTIY3e0Utlg==",
      "cpu": [
        "arm64"
      ],
      "license": "Apache-2.0 AND MIT",
      "optional": true,
      "os": [
        "win32"
      ],
      "engines": {
        "node": ">=10"
      }
    },
    "node_modules/@swc/core-win32-ia32-msvc": {
      "version": "1.13.20",
      "resolved": "https://registry.npmjs.org/@swc/core-win32-ia32-msvc/-/core-win32-ia32-msvc-1.13.20.tgz",
      "integrity": "sha512-uVjjwGXJltUQK0v1qQSNGeMS6osLJuwgeTti5N7kxQ6mOfa1irxq+TX0YdIVQwIONMjzI+TP7lhqPeA9VdUjRg==",
      "cpu": [
        "ia32"
      ],
      "license": "Apache-2.0 AND MIT",
      "optional": true,
      "os": [
        "win32"
      ],
      "engines": {
        "node": ">=10"
      }
    },
    "node_modules/@swc/core-win32-x64-msvc": {
      "version": "1.13.20",
      "resolved": "https://registry.npmjs.org/@swc/core-win32-x64-msvc/-/core-win32-x64-msvc-1.13.20.tgz",
      "integrity": "sha512-Xm1JAew/P0TgsPSXyo60IH865fAmt9b2Mzd0FBJ77Q1xA1o/Oi9teCeGChyFq3+6JFao6uT0N4mcI3BJ4WBfkA==",
      "cpu": [
        "x64"
      ],
      "license": "Apache-2.0 AND MIT",
      "optional": true,
      "os": [
        "win32"
      ],
      "engines": {
        "node": ">=10"
      }
    },
    "node_modules/@swc/counter": {
      "version": "0.1.3",
      "license": "Apache-2.0"
    },
    "node_modules/@swc/types": {
      "version": "0.1.25",
      "license": "Apache-2.0",
      "dependencies": {
        "@swc/counter": "^0.1.3"
      }
    },
    "node_modules/@tsconfig/node10": {
      "version": "1.0.11",
      "license": "MIT"
    },
    "node_modules/@tsconfig/node12": {
      "version": "1.0.11",
      "license": "MIT"
    },
    "node_modules/@tsconfig/node14": {
      "version": "1.0.3",
      "license": "MIT"
    },
    "node_modules/@tsconfig/node16": {
      "version": "1.0.4",
      "license": "MIT"
    },
    "node_modules/@types/mocha": {
      "version": "10.0.10",
      "dev": true,
      "license": "MIT"
    },
    "node_modules/@types/node": {
      "version": "24.9.1",
      "license": "MIT",
      "peer": true,
      "dependencies": {
        "undici-types": "~7.16.0"
      }
    },
    "node_modules/acorn": {
      "version": "8.15.0",
      "license": "MIT",
      "bin": {
        "acorn": "bin/acorn"
      },
      "engines": {
        "node": ">=0.4.0"
      }
    },
    "node_modules/acorn-walk": {
      "version": "8.3.4",
      "license": "MIT",
      "dependencies": {
        "acorn": "^8.11.0"
      },
      "engines": {
        "node": ">=0.4.0"
      }
    },
    "node_modules/arg": {
      "version": "4.1.3",
      "license": "MIT"
    },
    "node_modules/async-compat": {
      "version": "1.7.3",
      "license": "MIT",
      "dependencies": {
        "is-error": "*",
        "is-promise": "*"
      },
      "engines": {
        "node": ">=0.8"
      }
    },
    "node_modules/b4a": {
      "version": "1.7.3",
      "license": "Apache-2.0",
      "peerDependencies": {
        "react-native-b4a": "*"
      },
      "peerDependenciesMeta": {
        "react-native-b4a": {
          "optional": true
        }
      }
    },
    "node_modules/balanced-match": {
      "version": "1.0.2",
      "license": "MIT"
    },
    "node_modules/bare-events": {
      "version": "2.8.1",
      "license": "Apache-2.0",
      "peerDependencies": {
        "bare-abort-controller": "*"
      },
      "peerDependenciesMeta": {
        "bare-abort-controller": {
          "optional": true
        }
      }
    },
    "node_modules/base64-js": {
      "version": "1.5.1",
      "funding": [
        {
          "type": "github",
          "url": "https://github.com/sponsors/feross"
        },
        {
          "type": "patreon",
          "url": "https://www.patreon.com/feross"
        },
        {
          "type": "consulting",
          "url": "https://feross.org/support"
        }
      ],
      "license": "MIT"
    },
    "node_modules/bops": {
      "version": "0.1.1",
      "license": "MIT",
      "dependencies": {
        "base64-js": "0.0.2",
        "to-utf8": "0.0.1"
      }
    },
    "node_modules/bops/node_modules/base64-js": {
      "version": "0.0.2",
      "engines": {
        "node": ">= 0.4"
      }
    },
    "node_modules/brace-expansion": {
      "version": "1.1.12",
      "license": "MIT",
      "dependencies": {
        "balanced-match": "^1.0.0",
        "concat-map": "0.0.1"
      }
    },
    "node_modules/buffer": {
      "version": "5.7.1",
      "funding": [
        {
          "type": "github",
          "url": "https://github.com/sponsors/feross"
        },
        {
          "type": "patreon",
          "url": "https://www.patreon.com/feross"
        },
        {
          "type": "consulting",
          "url": "https://feross.org/support"
        }
      ],
      "license": "MIT",
      "dependencies": {
        "base64-js": "^1.3.1",
        "ieee754": "^1.1.13"
      }
    },
    "node_modules/buffer-alloc-unsafe": {
      "version": "1.1.0",
      "license": "MIT"
    },
    "node_modules/buffer-fill": {
      "version": "1.0.0",
      "license": "MIT"
    },
    "node_modules/call-once-fn": {
      "version": "1.1.2",
      "license": "MIT",
      "engines": {
        "node": ">=0.8"
      }
    },
    "node_modules/concat-map": {
      "version": "0.0.1",
      "license": "MIT"
    },
    "node_modules/content-disposition": {
      "version": "0.5.4",
      "license": "MIT",
      "dependencies": {
        "safe-buffer": "5.2.1"
      },
      "engines": {
        "node": ">= 0.6"
      }
    },
    "node_modules/core-js": {
      "version": "3.46.0",
      "dev": true,
      "hasInstallScript": true,
      "license": "MIT",
      "funding": {
        "type": "opencollective",
        "url": "https://opencollective.com/core-js"
      }
    },
    "node_modules/core-js-pure": {
      "version": "3.46.0",
      "hasInstallScript": true,
      "license": "MIT",
      "funding": {
        "type": "opencollective",
        "url": "https://opencollective.com/core-js"
      }
    },
    "node_modules/core-util-is": {
      "version": "1.0.3",
      "license": "MIT"
    },
    "node_modules/cr": {
      "version": "0.1.0",
      "dev": true,
      "license": "MIT",
      "engines": {
        "node": ">=0.10.0"
      }
    },
    "node_modules/create-require": {
      "version": "1.1.1",
      "license": "MIT"
    },
    "node_modules/cross-spawn": {
      "version": "7.0.6",
      "license": "MIT",
      "dependencies": {
        "path-key": "^3.1.0",
        "shebang-command": "^2.0.0",
        "which": "^2.0.1"
      },
      "engines": {
        "node": ">= 8"
      }
    },
    "node_modules/cross-spawn-cb": {
      "version": "2.4.5",
      "license": "MIT",
      "dependencies": {
        "cross-spawn": "*",
        "function-exec-sync": "*",
        "on-one": "*"
      },
      "engines": {
        "node": ">=0.8"
      }
    },
    "node_modules/diff": {
      "version": "4.0.2",
      "license": "BSD-3-Clause",
      "engines": {
        "node": ">=0.3.1"
      }
    },
    "node_modules/duplexify": {
      "version": "4.1.3",
      "license": "MIT",
      "dependencies": {
        "end-of-stream": "^1.4.1",
        "inherits": "^2.0.3",
        "readable-stream": "^3.1.1",
        "stream-shift": "^1.0.2"
      }
    },
    "node_modules/duplexify/node_modules/readable-stream": {
      "version": "3.6.2",
      "license": "MIT",
      "dependencies": {
        "inherits": "^2.0.3",
        "string_decoder": "^1.1.1",
        "util-deprecate": "^1.0.1"
      },
      "engines": {
        "node": ">= 6"
      }
    },
    "node_modules/end-of-stream": {
      "version": "1.4.5",
      "license": "MIT",
      "dependencies": {
        "once": "^1.4.0"
      }
    },
    "node_modules/env-path-key": {
      "version": "1.1.2",
      "license": "MIT",
      "engines": {
        "node": ">=0.8"
      }
    },
    "node_modules/events-universal": {
      "version": "1.0.1",
      "license": "Apache-2.0",
      "dependencies": {
        "bare-events": "^2.7.0"
      }
    },
    "node_modules/exit": {
      "version": "0.1.2",
      "engines": {
        "node": ">= 0.8.0"
      }
    },
    "node_modules/extract-base-iterator": {
      "version": "2.2.5",
      "license": "MIT",
      "dependencies": {
        "graceful-fs": "*",
        "is-absolute": "*",
        "lodash.compact": "*",
        "mkdirp-classic": "*",
        "next-tick": "*",
        "object-assign": "*",
        "queue-cb": "*",
        "rimraf2": "*",
        "stack-base-iterator": "*"
      },
      "engines": {
        "node": ">=0.8"
      }
    },
    "node_modules/fast-extract": {
      "version": "1.7.4",
      "license": "MIT",
      "dependencies": {
        "buffer-alloc-unsafe": "*",
        "buffer-fill": "*",
        "call-once-fn": "*",
        "content-disposition": "*",
        "flush-write-stream": "*",
        "lodash.throttle": "*",
        "mkdirp-classic": "*",
        "on-one": "*",
        "progress-stream": "*",
        "pumpify": "*",
        "queue-cb": "*",
        "readable-stream": "^2.3.8",
        "require_optional": "*",
        "rimraf2": "*",
        "safe-buffer": "*",
        "signal-exit": "^3.0.7",
        "tar-iterator": "*",
        "temp-suffix": "*",
        "unbzip2-stream": "*",
        "zip-iterator": "*"
      },
      "engines": {
        "node": ">=0.8"
      },
      "peerDependencies": {
        "lzma-native": "*"
      },
      "peerDependenciesMeta": {
        "lzma-native": {
          "optional": true
        }
      }
    },
    "node_modules/fast-fifo": {
      "version": "1.3.2",
      "license": "MIT"
    },
    "node_modules/fetch-json-cache": {
      "version": "1.3.6",
      "license": "MIT",
      "dependencies": {
        "get-remote": "*",
        "mkdirp-classic": "*",
        "queue-cb": "*",
        "rimraf2": "*",
        "temp-suffix": "*"
      },
      "engines": {
        "node": ">=0.8"
      }
    },
    "node_modules/flush-write-stream": {
      "version": "2.0.0",
      "license": "MIT",
      "dependencies": {
        "inherits": "^2.0.3",
        "readable-stream": "^3.1.1"
      }
    },
    "node_modules/flush-write-stream/node_modules/readable-stream": {
      "version": "3.6.2",
      "license": "MIT",
      "dependencies": {
        "inherits": "^2.0.3",
        "string_decoder": "^1.1.1",
        "util-deprecate": "^1.0.1"
      },
      "engines": {
        "node": ">= 6"
      }
    },
    "node_modules/fs-iterator": {
      "version": "6.1.5",
      "license": "MIT",
      "dependencies": {
        "async-compat": "*",
        "fs.realpath": "*",
        "stack-base-iterator": "*"
      },
      "engines": {
        "node": ">=0.8"
      }
    },
    "node_modules/fs.realpath": {
      "version": "1.0.0",
      "license": "ISC"
    },
    "node_modules/function-bind": {
      "version": "1.1.2",
      "license": "MIT",
      "funding": {
        "url": "https://github.com/sponsors/ljharb"
      }
    },
    "node_modules/function-exec-sync": {
      "version": "1.4.9",
      "license": "MIT",
      "dependencies": {
        "async-compat": "*",
        "mkdirp-classic": "*",
        "os-shim": "*",
        "randombytes": "*",
        "short-hash": "*",
        "temp-suffix": "*",
        "thread-sleep-compat": "*"
      },
      "engines": {
        "node": ">=0.8"
      }
    },
    "node_modules/get-remote": {
      "version": "2.1.6",
      "license": "MIT",
      "dependencies": {
        "call-once-fn": "*",
        "content-disposition": "*",
        "function-exec-sync": "*",
        "mkdirp-classic": "*",
        "node-exec-path": "*",
        "object-assign": "*",
        "on-one": "*",
        "os-shim": "*",
        "progress-stream": "*",
        "pump": "*",
        "readable-stream": "^2.3.7",
        "require_optional": "*",
        "rimraf2": "*",
        "temp-suffix": "*"
      },
      "engines": {
        "node": ">=0.8"
      }
    },
    "node_modules/getopts-compat": {
      "version": "2.2.6",
      "license": "MIT"
    },
    "node_modules/graceful-fs": {
      "version": "4.2.11",
      "license": "ISC"
    },
    "node_modules/hash-string": {
      "version": "1.0.0",
      "license": "ISC"
    },
    "node_modules/hasown": {
      "version": "2.0.2",
      "license": "MIT",
      "dependencies": {
        "function-bind": "^1.1.2"
      },
      "engines": {
        "node": ">= 0.4"
      }
    },
    "node_modules/homedir-polyfill": {
      "version": "1.0.3",
      "license": "MIT",
      "dependencies": {
        "parse-passwd": "^1.0.0"
      },
      "engines": {
        "node": ">=0.10.0"
      }
    },
    "node_modules/ieee754": {
      "version": "1.2.1",
      "funding": [
        {
          "type": "github",
          "url": "https://github.com/sponsors/feross"
        },
        {
          "type": "patreon",
          "url": "https://www.patreon.com/feross"
        },
        {
          "type": "consulting",
          "url": "https://feross.org/support"
        }
      ],
      "license": "BSD-3-Clause"
    },
    "node_modules/imurmurhash": {
      "version": "0.1.4",
      "license": "MIT",
      "engines": {
        "node": ">=0.8.19"
      }
    },
    "node_modules/inherits": {
      "version": "2.0.4",
      "license": "ISC"
    },
    "node_modules/install-module-linked": {
      "version": "1.2.7",
      "license": "MIT",
      "dependencies": {
        "cross-spawn-cb": "*",
        "exit": "*",
        "function-exec-sync": "*",
        "get-remote": "*",
        "getopts-compat": "*",
        "homedir-polyfill": "*",
        "lock": "*",
        "mkdirp-classic": "*",
        "node-exec-path": "*",
        "node-version-utils": "*",
        "queue-cb": "*",
        "rimraf2": "*",
        "temp-suffix": "*"
      },
      "bin": {
        "iml": "bin/cli.js"
      },
      "engines": {
        "node": ">=0.8"
      }
    },
    "node_modules/install-optional": {
      "version": "1.0.11",
      "license": "MIT",
      "dependencies": {
        "function-exec-sync": "*",
        "install-module-linked": "*",
        "node-exec-path": "*",
        "node-version-utils": "*",
        "queue-cb": "*",
        "resolve": "*",
        "rimraf2": "*"
      },
      "engines": {
        "node": ">=0.8"
      }
    },
    "node_modules/is-absolute": {
      "version": "1.0.0",
      "license": "MIT",
      "dependencies": {
        "is-relative": "^1.0.0",
        "is-windows": "^1.0.1"
      },
      "engines": {
        "node": ">=0.10.0"
      }
    },
    "node_modules/is-buffer": {
      "version": "1.1.6",
      "license": "MIT"
    },
    "node_modules/is-core-module": {
      "version": "2.16.1",
      "license": "MIT",
      "dependencies": {
        "hasown": "^2.0.2"
      },
      "engines": {
        "node": ">= 0.4"
      },
      "funding": {
        "url": "https://github.com/sponsors/ljharb"
      }
    },
    "node_modules/is-error": {
      "version": "2.2.2",
      "license": "MIT"
    },
    "node_modules/is-promise": {
      "version": "4.0.0",
      "license": "MIT"
    },
    "node_modules/is-relative": {
      "version": "1.0.0",
      "license": "MIT",
      "dependencies": {
        "is-unc-path": "^1.0.0"
      },
      "engines": {
        "node": ">=0.10.0"
      }
    },
    "node_modules/is-unc-path": {
      "version": "1.0.0",
      "license": "MIT",
      "dependencies": {
        "unc-path-regex": "^0.1.2"
      },
      "engines": {
        "node": ">=0.10.0"
      }
    },
    "node_modules/is-utf8": {
      "version": "0.2.1",
      "license": "MIT"
    },
    "node_modules/is-version": {
      "version": "1.0.3",
      "license": "MIT",
      "engines": {
        "node": ">=0.8"
      }
    },
    "node_modules/is-windows": {
      "version": "1.0.2",
      "license": "MIT",
      "engines": {
        "node": ">=0.10.0"
      }
    },
    "node_modules/isarray": {
      "version": "1.0.0",
      "license": "MIT"
    },
    "node_modules/isexe": {
      "version": "2.0.0",
      "license": "ISC"
    },
    "node_modules/iterator-next-callback": {
      "version": "2.0.6",
      "license": "MIT",
      "dependencies": {
        "is-promise": "*"
      },
      "engines": {
        "node": ">=0.8"
      }
    },
    "node_modules/lock": {
      "version": "1.1.0",
      "license": "MIT"
    },
    "node_modules/lodash.compact": {
      "version": "3.0.1",
      "license": "MIT"
    },
    "node_modules/lodash.debounce": {
      "version": "4.0.8",
      "license": "MIT"
    },
    "node_modules/lodash.find": {
      "version": "4.6.0",
      "license": "MIT"
    },
    "node_modules/lodash.keys": {
      "version": "4.2.0",
      "license": "MIT"
    },
    "node_modules/lodash.throttle": {
      "version": "4.1.1",
      "license": "MIT"
    },
    "node_modules/lodash.uniq": {
      "version": "4.5.0",
      "license": "MIT"
    },
    "node_modules/make-error": {
      "version": "1.3.6",
      "license": "ISC"
    },
    "node_modules/maximize-iterator": {
      "version": "4.0.8",
      "license": "MIT",
      "dependencies": {
        "async-compat": "*",
        "iterator-next-callback": "*"
      },
      "engines": {
        "node": ">=0.8"
      }
    },
    "node_modules/minimatch": {
      "version": "3.1.2",
      "license": "ISC",
      "dependencies": {
        "brace-expansion": "^1.1.7"
      },
      "engines": {
        "node": "*"
      }
    },
    "node_modules/mkdirp-classic": {
      "version": "0.5.3",
      "license": "MIT"
    },
    "node_modules/module-root-sync": {
      "version": "1.2.2",
      "license": "MIT",
      "engines": {
        "node": ">=0.8"
      }
    },
    "node_modules/nan": {
      "version": "2.23.0",
      "license": "MIT"
    },
    "node_modules/next-tick": {
      "version": "1.1.0",
      "license": "ISC"
    },
    "node_modules/node-abi": {
      "version": "2.30.1",
      "license": "MIT",
      "dependencies": {
        "semver": "^5.4.1"
      }
    },
    "node_modules/node-exec-path": {
      "version": "1.1.11",
      "license": "MIT",
      "dependencies": {
        "env-path-key": "*",
        "function-exec-sync": "*",
        "semver": "^5.7.1"
      },
      "engines": {
        "node": ">=0.8"
      }
    },
    "node_modules/node-filename-to-dist-paths": {
      "version": "1.3.7",
      "hasInstallScript": true,
      "license": "MIT",
      "dependencies": {
        "fetch-json-cache": "*"
      },
      "engines": {
        "node": ">=0.8"
      }
    },
    "node_modules/node-install-release": {
      "version": "1.14.10",
      "license": "MIT",
      "dependencies": {
        "cross-spawn-cb": "*",
        "exit": "*",
        "fast-extract": "*",
        "function-exec-sync": "*",
        "get-remote": "*",
        "getopts-compat": "*",
        "homedir-polyfill": "*",
        "is-version": "*",
        "lodash.keys": "*",
        "mkdirp-classic": "*",
        "node-filename-to-dist-paths": "*",
        "node-resolve-versions": "*",
        "on-one": "*",
        "pump": "*",
        "queue-cb": "*",
        "rimraf2": "*"
      },
      "bin": {
        "nir": "bin/cli.js"
      },
      "engines": {
        "node": ">=0.8"
      }
    },
    "node_modules/node-resolve-versions": {
      "version": "1.3.7",
      "license": "MIT",
      "dependencies": {
        "lodash.uniq": "*",
        "node-semvers": "*",
        "semver": "^5.7.1"
      },
      "engines": {
        "node": ">=0.8"
      }
    },
    "node_modules/node-semvers": {
      "version": "1.5.6",
      "hasInstallScript": true,
      "license": "MIT",
      "dependencies": {
        "exit": "*",
        "fetch-json-cache": "*",
        "getopts-compat": "*",
        "semver": "^5.7.1"
      },
      "bin": {
        "nsv": "bin/cli.js"
      },
      "engines": {
        "node": ">=0.8"
      }
    },
    "node_modules/node-version-call": {
      "version": "1.9.12",
      "license": "MIT",
      "dependencies": {
        "function-exec-sync": "*",
        "node-version-install": "*",
        "node-version-utils": "*"
      },
      "engines": {
        "node": ">=0.8"
      }
    },
    "node_modules/node-version-install": {
      "version": "1.4.12",
      "license": "MIT",
      "dependencies": {
        "function-exec-sync": "*",
        "homedir-polyfill": "*",
        "node-install-release": "*",
        "node-resolve-versions": "*",
        "queue-cb": "*"
      },
      "engines": {
        "node": ">=0.8"
      }
    },
    "node_modules/node-version-utils": {
      "version": "1.3.7",
      "license": "MIT",
      "dependencies": {
        "env-path-key": "*",
        "path-string-prepend": "*"
      },
      "engines": {
        "node": ">=0.8"
      }
    },
    "node_modules/normalize-path": {
      "version": "2.1.1",
      "license": "MIT",
      "dependencies": {
        "remove-trailing-separator": "^1.0.1"
      },
      "engines": {
        "node": ">=0.10.0"
      }
    },
    "node_modules/object-assign": {
      "version": "4.1.1",
      "license": "MIT",
      "engines": {
        "node": ">=0.10.0"
      }
    },
    "node_modules/on-one": {
      "version": "1.0.4",
      "license": "MIT",
      "engines": {
        "node": ">=0.8"
      }
    },
    "node_modules/once": {
      "version": "1.4.0",
      "license": "ISC",
      "dependencies": {
        "wrappy": "1"
      }
    },
    "node_modules/os-shim": {
      "version": "0.1.3",
      "engines": {
        "node": ">= 0.4.0"
      }
    },
    "node_modules/parse-passwd": {
      "version": "1.0.0",
      "license": "MIT",
      "engines": {
        "node": ">=0.10.0"
      }
    },
    "node_modules/path-key": {
      "version": "3.1.1",
      "license": "MIT",
      "engines": {
        "node": ">=8"
      }
    },
    "node_modules/path-parse": {
      "version": "1.0.7",
      "license": "MIT"
    },
    "node_modules/path-posix": {
      "version": "1.0.0",
      "license": "ISC"
    },
    "node_modules/path-string-prepend": {
      "version": "1.1.2",
      "license": "MIT",
      "engines": {
        "node": ">=0.8"
      }
    },
    "node_modules/pinkie": {
      "version": "2.0.4",
      "license": "MIT",
      "engines": {
        "node": ">=0.10.0"
      }
    },
    "node_modules/pinkie-promise": {
      "version": "2.0.1",
      "license": "MIT",
      "dependencies": {
        "pinkie": "^2.0.0"
      },
      "engines": {
        "node": ">=0.10.0"
      }
    },
    "node_modules/process-nextick-args": {
      "version": "2.0.1",
      "license": "MIT"
    },
    "node_modules/progress-stream": {
      "version": "2.0.0",
      "license": "BSD-2-Clause",
      "dependencies": {
        "speedometer": "~1.0.0",
        "through2": "~2.0.3"
      }
    },
    "node_modules/pump": {
      "version": "3.0.3",
      "license": "MIT",
      "dependencies": {
        "end-of-stream": "^1.1.0",
        "once": "^1.3.1"
      }
    },
    "node_modules/pumpify": {
      "version": "2.0.1",
      "license": "MIT",
      "dependencies": {
        "duplexify": "^4.1.1",
        "inherits": "^2.0.3",
        "pump": "^3.0.0"
      }
    },
    "node_modules/queue-cb": {
      "version": "1.5.7",
      "license": "MIT",
      "engines": {
        "node": ">=0.8"
      }
    },
    "node_modules/randombytes": {
      "version": "2.1.0",
      "license": "MIT",
      "dependencies": {
        "safe-buffer": "^5.1.0"
      }
    },
    "node_modules/react": {
      "version": "19.2.0",
      "dev": true,
      "license": "MIT",
      "engines": {
        "node": ">=0.10.0"
      }
    },
    "node_modules/read-tsconfig-sync": {
      "version": "1.0.11",
      "license": "MIT",
      "dependencies": {
        "is-absolute": "*",
        "module-root-sync": "*",
        "remove-bom-buffer": "*"
      },
      "engines": {
        "node": ">=0.8"
      }
    },
    "node_modules/readable-stream": {
      "version": "2.3.8",
      "license": "MIT",
      "dependencies": {
        "core-util-is": "~1.0.0",
        "inherits": "~2.0.3",
        "isarray": "~1.0.0",
        "process-nextick-args": "~2.0.0",
        "safe-buffer": "~5.1.1",
        "string_decoder": "~1.1.1",
        "util-deprecate": "~1.0.1"
      }
    },
    "node_modules/readable-stream/node_modules/safe-buffer": {
      "version": "5.1.2",
      "license": "MIT"
    },
    "node_modules/remove-bom-buffer": {
      "version": "3.0.0",
      "license": "MIT",
      "dependencies": {
        "is-buffer": "^1.1.5",
        "is-utf8": "^0.2.1"
      },
      "engines": {
        "node": ">=0.10.0"
      }
    },
    "node_modules/remove-trailing-separator": {
      "version": "1.1.0",
      "license": "ISC"
    },
    "node_modules/require_optional": {
      "version": "1.0.1",
      "license": "Apache-2.0",
      "dependencies": {
        "resolve-from": "^2.0.0",
        "semver": "^5.1.0"
      }
    },
    "node_modules/resolve": {
      "version": "1.22.11",
      "license": "MIT",
      "dependencies": {
        "is-core-module": "^2.16.1",
        "path-parse": "^1.0.7",
        "supports-preserve-symlinks-flag": "^1.0.0"
      },
      "bin": {
        "resolve": "bin/resolve"
      },
      "engines": {
        "node": ">= 0.4"
      },
      "funding": {
        "url": "https://github.com/sponsors/ljharb"
      }
    },
    "node_modules/resolve-from": {
      "version": "2.0.0",
      "license": "MIT",
      "engines": {
        "node": ">=0.10.0"
      }
    },
    "node_modules/rimraf2": {
      "version": "2.8.2",
      "license": "ISC",
      "bin": {
        "rimraf2": "bin.js"
      },
      "peerDependencies": {
        "glob": "*"
      },
      "peerDependenciesMeta": {
        "glob": {
          "optional": true
        }
      }
    },
    "node_modules/safe-buffer": {
      "version": "5.2.1",
      "funding": [
        {
          "type": "github",
          "url": "https://github.com/sponsors/feross"
        },
        {
          "type": "patreon",
          "url": "https://www.patreon.com/feross"
        },
        {
          "type": "consulting",
          "url": "https://feross.org/support"
        }
      ],
      "license": "MIT"
    },
    "node_modules/semver": {
      "version": "5.7.2",
      "license": "ISC",
      "bin": {
        "semver": "bin/semver"
      }
    },
    "node_modules/shebang-command": {
      "version": "2.0.0",
      "license": "MIT",
      "dependencies": {
        "shebang-regex": "^3.0.0"
      },
      "engines": {
        "node": ">=8"
      }
    },
    "node_modules/shebang-regex": {
      "version": "3.0.0",
      "license": "MIT",
      "engines": {
        "node": ">=8"
      }
    },
    "node_modules/short-hash": {
      "version": "1.0.0",
      "license": "MIT",
      "dependencies": {
        "hash-string": "^1.0.0"
      }
    },
    "node_modules/signal-exit": {
      "version": "3.0.7",
      "license": "ISC"
    },
    "node_modules/speedometer": {
      "version": "1.0.0",
      "license": "MIT"
    },
    "node_modules/stack-base-iterator": {
      "version": "2.1.6",
      "license": "MIT",
      "dependencies": {
        "async-compat": "*",
        "iterator-next-callback": "*",
        "maximize-iterator": "*",
        "pinkie-promise": "*"
      },
      "engines": {
        "node": ">=0.8"
      }
    },
    "node_modules/starts-with": {
      "version": "1.0.2",
      "license": "MIT"
    },
    "node_modules/stream-shift": {
      "version": "1.0.3",
      "license": "MIT"
    },
    "node_modules/streamx": {
      "version": "2.23.0",
      "license": "MIT",
      "dependencies": {
        "events-universal": "^1.0.0",
        "fast-fifo": "^1.3.2",
        "text-decoder": "^1.1.0"
      }
    },
    "node_modules/string_decoder": {
      "version": "1.1.1",
      "license": "MIT",
      "dependencies": {
        "safe-buffer": "~5.1.0"
      }
    },
    "node_modules/string_decoder/node_modules/safe-buffer": {
      "version": "5.1.2",
      "license": "MIT"
    },
    "node_modules/supports-preserve-symlinks-flag": {
      "version": "1.0.0",
      "license": "MIT",
      "engines": {
        "node": ">= 0.4"
      },
      "funding": {
        "url": "https://github.com/sponsors/ljharb"
      }
    },
    "node_modules/tar-iterator": {
      "version": "2.2.8",
      "license": "MIT",
      "dependencies": {
        "call-once-fn": "*",
        "extract-base-iterator": "*",
        "lodash.compact": "*",
        "mkdirp-classic": "*",
        "on-one": "*",
        "rimraf2": "*",
        "tar-stream-compat": "*"
      },
      "engines": {
        "node": ">=0.8"
      }
    },
    "node_modules/tar-stream": {
      "version": "3.1.7",
      "license": "MIT",
      "dependencies": {
        "b4a": "^1.6.4",
        "fast-fifo": "^1.2.0",
        "streamx": "^2.15.0"
      }
    },
    "node_modules/tar-stream-compat": {
      "version": "2.3.6",
      "license": "MIT",
      "dependencies": {
        "safe-buffer": "*",
        "tar-stream": "*"
      },
      "engines": {
        "node": ">=0.8"
      }
    },
    "node_modules/temp-suffix": {
      "version": "1.0.4",
      "license": "MIT",
      "dependencies": {
        "imurmurhash": "*"
      },
      "engines": {
        "node": ">=0.8"
      }
    },
    "node_modules/test-match": {
      "version": "1.0.4",
      "license": "MIT",
      "dependencies": {
        "is-absolute": "*",
        "minimatch": "^3.1.2",
        "path-posix": "*",
        "unixify": "*"
      },
      "engines": {
        "node": ">=0.8"
      }
    },
    "node_modules/text-decoder": {
      "version": "1.2.3",
      "license": "Apache-2.0",
      "dependencies": {
        "b4a": "^1.6.4"
      }
    },
    "node_modules/thread-sleep": {
      "version": "2.2.0",
      "license": "MIT",
      "engines": {
        "node": ">=0.11.12"
      }
    },
    "node_modules/thread-sleep-compat": {
      "version": "1.0.4",
      "license": "MIT",
      "dependencies": {
        "nan": "^2.16.0",
        "node-abi": "2.30.1",
        "semver": "^5.7.1",
        "thread-sleep": "*"
      },
      "engines": {
        "node": ">=0.8"
      }
    },
    "node_modules/through": {
      "version": "2.3.8",
      "license": "MIT"
    },
    "node_modules/through2": {
      "version": "2.0.5",
      "license": "MIT",
      "dependencies": {
        "readable-stream": "~2.3.6",
        "xtend": "~4.0.1"
      }
    },
    "node_modules/to-utf8": {
      "version": "0.0.1",
      "license": "MIT"
    },
    "node_modules/ts-node": {
      "version": "10.9.2",
      "license": "MIT",
      "dependencies": {
        "@cspotcode/source-map-support": "^0.8.0",
        "@tsconfig/node10": "^1.0.7",
        "@tsconfig/node12": "^1.0.7",
        "@tsconfig/node14": "^1.0.0",
        "@tsconfig/node16": "^1.0.2",
        "acorn": "^8.4.1",
        "acorn-walk": "^8.1.1",
        "arg": "^4.1.0",
        "create-require": "^1.1.0",
        "diff": "^4.0.1",
        "make-error": "^1.1.1",
        "v8-compile-cache-lib": "^3.0.1",
        "yn": "3.1.1"
      },
      "bin": {
        "ts-node": "dist/bin.js",
        "ts-node-cwd": "dist/bin-cwd.js",
        "ts-node-esm": "dist/bin-esm.js",
        "ts-node-script": "dist/bin-script.js",
        "ts-node-transpile-only": "dist/bin-transpile.js",
        "ts-script": "dist/bin-script-deprecated.js"
      },
      "peerDependencies": {
        "@swc/core": ">=1.2.50",
        "@swc/wasm": ">=1.2.50",
        "@types/node": "*",
        "typescript": ">=2.7"
      },
      "peerDependenciesMeta": {
        "@swc/core": {
          "optional": true
        },
        "@swc/wasm": {
          "optional": true
        }
      }
    },
    "node_modules/typescript": {
      "version": "5.9.3",
      "license": "Apache-2.0",
      "peer": true,
      "bin": {
        "tsc": "bin/tsc",
        "tsserver": "bin/tsserver"
      },
      "engines": {
        "node": ">=14.17"
      }
    },
    "node_modules/unbzip2-stream": {
      "version": "1.4.3",
      "license": "MIT",
      "dependencies": {
        "buffer": "^5.2.1",
        "through": "^2.3.8"
      }
    },
    "node_modules/unc-path-regex": {
      "version": "0.1.2",
      "license": "MIT",
      "engines": {
        "node": ">=0.10.0"
      }
    },
    "node_modules/undici-types": {
      "version": "7.16.0",
      "license": "MIT"
    },
    "node_modules/unixify": {
      "version": "1.0.0",
      "license": "MIT",
      "dependencies": {
        "normalize-path": "^2.1.1"
      },
      "engines": {
        "node": ">=0.10.0"
      }
    },
    "node_modules/util-deprecate": {
      "version": "1.0.2",
      "license": "MIT"
    },
    "node_modules/v8-compile-cache-lib": {
      "version": "3.0.1",
      "license": "MIT"
    },
    "node_modules/which": {
      "version": "2.0.2",
      "license": "ISC",
      "dependencies": {
        "isexe": "^2.0.0"
      },
      "bin": {
        "node-which": "bin/node-which"
      },
      "engines": {
        "node": ">= 8"
      }
    },
    "node_modules/wrappy": {
      "version": "1.0.2",
      "license": "ISC"
    },
    "node_modules/xtend": {
      "version": "4.0.2",
      "license": "MIT",
      "engines": {
        "node": ">=0.4"
      }
    },
    "node_modules/yn": {
      "version": "3.1.1",
      "license": "MIT",
      "engines": {
        "node": ">=6"
      }
    },
    "node_modules/zip": {
      "version": "1.2.0",
      "dependencies": {
        "bops": "~0.1.1"
      }
    },
    "node_modules/zip-iterator": {
      "version": "2.1.7",
      "license": "MIT",
      "dependencies": {
        "call-once-fn": "*",
        "extract-base-iterator": "*",
        "lodash.compact": "*",
        "mkdirp-classic": "*",
        "on-one": "*",
        "os-shim": "*",
        "queue-cb": "*",
        "readable-stream": "^2.3.7",
        "rimraf2": "*",
        "safe-buffer": "*",
        "short-hash": "*",
        "temp-suffix": "*",
        "zip": "*"
      },
      "engines": {
        "node": ">=0.8"
      }
    }
  }
}
